// !$*UTF8*$!
{
	archiveVersion = 1;
	classes = {
	};
	objectVersion = 50;
	objects = {

/* Begin PBXBuildFile section */
		775C55CD2099BD7500540B5B /* AppDelegate.swift in Sources */ = {isa = PBXBuildFile; fileRef = 775C55CC2099BD7500540B5B /* AppDelegate.swift */; };
		775C55CF2099BD7500540B5B /* MapViewController.swift in Sources */ = {isa = PBXBuildFile; fileRef = 775C55CE2099BD7500540B5B /* MapViewController.swift */; };
		775C55D42099BD7500540B5B /* Main.storyboard in Resources */ = {isa = PBXBuildFile; fileRef = 775C55D22099BD7500540B5B /* Main.storyboard */; };
		775C55D62099BD9200540B5B /* Assets.xcassets in Resources */ = {isa = PBXBuildFile; fileRef = 775C55D52099BD9200540B5B /* Assets.xcassets */; };
		775C55D92099BD9200540B5B /* LaunchScreen.storyboard in Resources */ = {isa = PBXBuildFile; fileRef = 775C55D72099BD9200540B5B /* LaunchScreen.storyboard */; };
		775C55E42099BD9300540B5B /* Fuel_Locator_iOSTests.swift in Sources */ = {isa = PBXBuildFile; fileRef = 775C55E32099BD9300540B5B /* Fuel_Locator_iOSTests.swift */; };
		775C55EF2099BD9300540B5B /* Fuel_Locator_iOSUITests.swift in Sources */ = {isa = PBXBuildFile; fileRef = 775C55EE2099BD9300540B5B /* Fuel_Locator_iOSUITests.swift */; };
		775C55FE2099D53200540B5B /* MapKit.framework in Frameworks */ = {isa = PBXBuildFile; fileRef = 775C55FD2099D53200540B5B /* MapKit.framework */; };
		775C56012099D57100540B5B /* CloudKit.framework in Frameworks */ = {isa = PBXBuildFile; fileRef = 775C56002099D57100540B5B /* CloudKit.framework */; };
		775C5603209DF34800540B5B /* SettingsViewController.swift in Sources */ = {isa = PBXBuildFile; fileRef = 775C5602209DF34800540B5B /* SettingsViewController.swift */; };
		776E942C209EE690008AB0FC /* Region.swift in Sources */ = {isa = PBXBuildFile; fileRef = 776E9424209EE659008AB0FC /* Region.swift */; };
		776E942D209EE690008AB0FC /* Station.swift in Sources */ = {isa = PBXBuildFile; fileRef = 776E9425209EE673008AB0FC /* Station.swift */; };
		776E942E209EE690008AB0FC /* Statistics.swift in Sources */ = {isa = PBXBuildFile; fileRef = 776E9426209EE67E008AB0FC /* Statistics.swift */; };
		776E942F209EE690008AB0FC /* Brand.swift in Sources */ = {isa = PBXBuildFile; fileRef = 776E9427209EE684008AB0FC /* Brand.swift */; };
		776E9430209EE690008AB0FC /* Suburb.swift in Sources */ = {isa = PBXBuildFile; fileRef = 776E9428209EE689008AB0FC /* Suburb.swift */; };
		776E9431209EE690008AB0FC /* PriceOnDay.swift in Sources */ = {isa = PBXBuildFile; fileRef = 776E9429209EE68E008AB0FC /* PriceOnDay.swift */; };
		776E9432209EE690008AB0FC /* Product.swift in Sources */ = {isa = PBXBuildFile; fileRef = 776E942A209EE690008AB0FC /* Product.swift */; };
		776E9434209EE935008AB0FC /* FLODataEntity.swift in Sources */ = {isa = PBXBuildFile; fileRef = 776E9433209EE934008AB0FC /* FLODataEntity.swift */; };
		776E943620A014D6008AB0FC /* FLOCloud.swift in Sources */ = {isa = PBXBuildFile; fileRef = 776E943520A014D6008AB0FC /* FLOCloud.swift */; };
		776E943820A03843008AB0FC /* FLOError.swift in Sources */ = {isa = PBXBuildFile; fileRef = 776E943720A03842008AB0FC /* FLOError.swift */; };
		776E944D20A32287008AB0FC /* StationAnnotation.swift in Sources */ = {isa = PBXBuildFile; fileRef = 776E944C20A32283008AB0FC /* StationAnnotation.swift */; };
		776E944F20A3235B008AB0FC /* StationMarkerAnnotationView.swift in Sources */ = {isa = PBXBuildFile; fileRef = 776E944E20A3235B008AB0FC /* StationMarkerAnnotationView.swift */; };
		776E945120A32A60008AB0FC /* ClusterMarkerAnnotationView.swift in Sources */ = {isa = PBXBuildFile; fileRef = 776E945020A32A60008AB0FC /* ClusterMarkerAnnotationView.swift */; };
/* End PBXBuildFile section */

/* Begin PBXContainerItemProxy section */
		775C55E02099BD9300540B5B /* PBXContainerItemProxy */ = {
			isa = PBXContainerItemProxy;
			containerPortal = 775C55C12099BD7500540B5B /* Project object */;
			proxyType = 1;
			remoteGlobalIDString = 775C55C82099BD7500540B5B;
			remoteInfo = "Fuel Locator iOS";
		};
		775C55EB2099BD9300540B5B /* PBXContainerItemProxy */ = {
			isa = PBXContainerItemProxy;
			containerPortal = 775C55C12099BD7500540B5B /* Project object */;
			proxyType = 1;
			remoteGlobalIDString = 775C55C82099BD7500540B5B;
			remoteInfo = "Fuel Locator iOS";
		};
		776E944820A08A12008AB0FC /* PBXContainerItemProxy */ = {
			isa = PBXContainerItemProxy;
			containerPortal = 776E944320A08A11008AB0FC /* tiff-ios.xcodeproj */;
			proxyType = 2;
			remoteGlobalIDString = 042FC64B1B963FE500549A4B;
			remoteInfo = "tiff-ios";
		};
		776E944A20A08A12008AB0FC /* PBXContainerItemProxy */ = {
			isa = PBXContainerItemProxy;
			containerPortal = 776E944320A08A11008AB0FC /* tiff-ios.xcodeproj */;
			proxyType = 2;
			remoteGlobalIDString = 042FC6561B963FE500549A4B;
			remoteInfo = "tiff-iosTests";
		};
/* End PBXContainerItemProxy section */

/* Begin PBXFileReference section */
		775C55C92099BD7500540B5B /* Fuel Locator iOS.app */ = {isa = PBXFileReference; explicitFileType = wrapper.application; includeInIndex = 0; path = "Fuel Locator iOS.app"; sourceTree = BUILT_PRODUCTS_DIR; };
		775C55CC2099BD7500540B5B /* AppDelegate.swift */ = {isa = PBXFileReference; lastKnownFileType = sourcecode.swift; path = AppDelegate.swift; sourceTree = "<group>"; };
		775C55CE2099BD7500540B5B /* MapViewController.swift */ = {isa = PBXFileReference; lastKnownFileType = sourcecode.swift; path = MapViewController.swift; sourceTree = "<group>"; };
		775C55D32099BD7500540B5B /* Base */ = {isa = PBXFileReference; lastKnownFileType = file.storyboard; name = Base; path = Base.lproj/Main.storyboard; sourceTree = "<group>"; };
		775C55D52099BD9200540B5B /* Assets.xcassets */ = {isa = PBXFileReference; lastKnownFileType = folder.assetcatalog; path = Assets.xcassets; sourceTree = "<group>"; };
		775C55D82099BD9200540B5B /* Base */ = {isa = PBXFileReference; lastKnownFileType = file.storyboard; name = Base; path = Base.lproj/LaunchScreen.storyboard; sourceTree = "<group>"; };
		775C55DA2099BD9200540B5B /* Info.plist */ = {isa = PBXFileReference; lastKnownFileType = text.plist.xml; path = Info.plist; sourceTree = "<group>"; };
		775C55DF2099BD9300540B5B /* Fuel Locator iOSTests.xctest */ = {isa = PBXFileReference; explicitFileType = wrapper.cfbundle; includeInIndex = 0; path = "Fuel Locator iOSTests.xctest"; sourceTree = BUILT_PRODUCTS_DIR; };
		775C55E32099BD9300540B5B /* Fuel_Locator_iOSTests.swift */ = {isa = PBXFileReference; lastKnownFileType = sourcecode.swift; path = Fuel_Locator_iOSTests.swift; sourceTree = "<group>"; };
		775C55E52099BD9300540B5B /* Info.plist */ = {isa = PBXFileReference; lastKnownFileType = text.plist.xml; path = Info.plist; sourceTree = "<group>"; };
		775C55EA2099BD9300540B5B /* Fuel Locator iOSUITests.xctest */ = {isa = PBXFileReference; explicitFileType = wrapper.cfbundle; includeInIndex = 0; path = "Fuel Locator iOSUITests.xctest"; sourceTree = BUILT_PRODUCTS_DIR; };
		775C55EE2099BD9300540B5B /* Fuel_Locator_iOSUITests.swift */ = {isa = PBXFileReference; lastKnownFileType = sourcecode.swift; path = Fuel_Locator_iOSUITests.swift; sourceTree = "<group>"; };
		775C55F02099BD9300540B5B /* Info.plist */ = {isa = PBXFileReference; lastKnownFileType = text.plist.xml; path = Info.plist; sourceTree = "<group>"; };
		775C55FD2099D53200540B5B /* MapKit.framework */ = {isa = PBXFileReference; lastKnownFileType = wrapper.framework; name = MapKit.framework; path = System/Library/Frameworks/MapKit.framework; sourceTree = SDKROOT; };
		775C55FF2099D56300540B5B /* Fuel Locator iOS.entitlements */ = {isa = PBXFileReference; lastKnownFileType = text.plist.entitlements; path = "Fuel Locator iOS.entitlements"; sourceTree = "<group>"; };
		775C56002099D57100540B5B /* CloudKit.framework */ = {isa = PBXFileReference; lastKnownFileType = wrapper.framework; name = CloudKit.framework; path = System/Library/Frameworks/CloudKit.framework; sourceTree = SDKROOT; };
		775C5602209DF34800540B5B /* SettingsViewController.swift */ = {isa = PBXFileReference; lastKnownFileType = sourcecode.swift; path = SettingsViewController.swift; sourceTree = "<group>"; };
		776E9424209EE659008AB0FC /* Region.swift */ = {isa = PBXFileReference; fileEncoding = 4; lastKnownFileType = sourcecode.swift; path = Region.swift; sourceTree = "<group>"; };
		776E9425209EE673008AB0FC /* Station.swift */ = {isa = PBXFileReference; fileEncoding = 4; lastKnownFileType = sourcecode.swift; path = Station.swift; sourceTree = "<group>"; };
		776E9426209EE67E008AB0FC /* Statistics.swift */ = {isa = PBXFileReference; fileEncoding = 4; lastKnownFileType = sourcecode.swift; path = Statistics.swift; sourceTree = "<group>"; };
		776E9427209EE684008AB0FC /* Brand.swift */ = {isa = PBXFileReference; fileEncoding = 4; lastKnownFileType = sourcecode.swift; path = Brand.swift; sourceTree = "<group>"; };
		776E9428209EE689008AB0FC /* Suburb.swift */ = {isa = PBXFileReference; fileEncoding = 4; lastKnownFileType = sourcecode.swift; path = Suburb.swift; sourceTree = "<group>"; };
		776E9429209EE68E008AB0FC /* PriceOnDay.swift */ = {isa = PBXFileReference; fileEncoding = 4; lastKnownFileType = sourcecode.swift; path = PriceOnDay.swift; sourceTree = "<group>"; };
		776E942A209EE690008AB0FC /* Product.swift */ = {isa = PBXFileReference; fileEncoding = 4; lastKnownFileType = sourcecode.swift; path = Product.swift; sourceTree = "<group>"; };
		776E9433209EE934008AB0FC /* FLODataEntity.swift */ = {isa = PBXFileReference; fileEncoding = 4; lastKnownFileType = sourcecode.swift; path = FLODataEntity.swift; sourceTree = "<group>"; };
		776E943520A014D6008AB0FC /* FLOCloud.swift */ = {isa = PBXFileReference; fileEncoding = 4; lastKnownFileType = sourcecode.swift; path = FLOCloud.swift; sourceTree = "<group>"; };
		776E943720A03842008AB0FC /* FLOError.swift */ = {isa = PBXFileReference; lastKnownFileType = sourcecode.swift; path = FLOError.swift; sourceTree = "<group>"; };
		776E944220A08804008AB0FC /* Fuel-Locator-iOS-Bridging-Header.h */ = {isa = PBXFileReference; lastKnownFileType = sourcecode.c.h; path = "Fuel-Locator-iOS-Bridging-Header.h"; sourceTree = "<group>"; };
		776E944320A08A11008AB0FC /* tiff-ios.xcodeproj */ = {isa = PBXFileReference; lastKnownFileType = "wrapper.pb-project"; name = "tiff-ios.xcodeproj"; path = "../tiff-ios/tiff-ios.xcodeproj"; sourceTree = "<group>"; };
		776E944C20A32283008AB0FC /* StationAnnotation.swift */ = {isa = PBXFileReference; lastKnownFileType = sourcecode.swift; path = StationAnnotation.swift; sourceTree = "<group>"; };
		776E944E20A3235B008AB0FC /* StationMarkerAnnotationView.swift */ = {isa = PBXFileReference; lastKnownFileType = sourcecode.swift; path = StationMarkerAnnotationView.swift; sourceTree = "<group>"; };
		776E945020A32A60008AB0FC /* ClusterMarkerAnnotationView.swift */ = {isa = PBXFileReference; lastKnownFileType = sourcecode.swift; path = ClusterMarkerAnnotationView.swift; sourceTree = "<group>"; };
/* End PBXFileReference section */

/* Begin PBXFrameworksBuildPhase section */
		775C55C62099BD7500540B5B /* Frameworks */ = {
			isa = PBXFrameworksBuildPhase;
			buildActionMask = 2147483647;
			files = (
				775C55FE2099D53200540B5B /* MapKit.framework in Frameworks */,
				775C56012099D57100540B5B /* CloudKit.framework in Frameworks */,
			);
			runOnlyForDeploymentPostprocessing = 0;
		};
		775C55DC2099BD9300540B5B /* Frameworks */ = {
			isa = PBXFrameworksBuildPhase;
			buildActionMask = 2147483647;
			files = (
			);
			runOnlyForDeploymentPostprocessing = 0;
		};
		775C55E72099BD9300540B5B /* Frameworks */ = {
			isa = PBXFrameworksBuildPhase;
			buildActionMask = 2147483647;
			files = (
			);
			runOnlyForDeploymentPostprocessing = 0;
		};
/* End PBXFrameworksBuildPhase section */

/* Begin PBXGroup section */
		775C55C02099BD7500540B5B = {
			isa = PBXGroup;
			children = (
				775C55CB2099BD7500540B5B /* Fuel Locator iOS */,
				775C55E22099BD9300540B5B /* Fuel Locator iOSTests */,
				775C55ED2099BD9300540B5B /* Fuel Locator iOSUITests */,
				775C55CA2099BD7500540B5B /* Products */,
				775C55FC2099D53200540B5B /* Frameworks */,
			);
			sourceTree = "<group>";
		};
		775C55CA2099BD7500540B5B /* Products */ = {
			isa = PBXGroup;
			children = (
				775C55C92099BD7500540B5B /* Fuel Locator iOS.app */,
				775C55DF2099BD9300540B5B /* Fuel Locator iOSTests.xctest */,
				775C55EA2099BD9300540B5B /* Fuel Locator iOSUITests.xctest */,
			);
			name = Products;
			sourceTree = "<group>";
		};
		775C55CB2099BD7500540B5B /* Fuel Locator iOS */ = {
			isa = PBXGroup;
			children = (
				775C5604209EDB1000540B5B /* Data */,
				775C55FF2099D56300540B5B /* Fuel Locator iOS.entitlements */,
				775C55CC2099BD7500540B5B /* AppDelegate.swift */,
				775C55CE2099BD7500540B5B /* MapViewController.swift */,
				776E944C20A32283008AB0FC /* StationAnnotation.swift */,
				776E944E20A3235B008AB0FC /* StationMarkerAnnotationView.swift */,
				776E945020A32A60008AB0FC /* ClusterMarkerAnnotationView.swift */,
				775C5602209DF34800540B5B /* SettingsViewController.swift */,
				775C55D22099BD7500540B5B /* Main.storyboard */,
				775C55D52099BD9200540B5B /* Assets.xcassets */,
				775C55D72099BD9200540B5B /* LaunchScreen.storyboard */,
				775C55DA2099BD9200540B5B /* Info.plist */,
				776E944220A08804008AB0FC /* Fuel-Locator-iOS-Bridging-Header.h */,
			);
			path = "Fuel Locator iOS";
			sourceTree = "<group>";
		};
		775C55E22099BD9300540B5B /* Fuel Locator iOSTests */ = {
			isa = PBXGroup;
			children = (
				775C55E32099BD9300540B5B /* Fuel_Locator_iOSTests.swift */,
				775C55E52099BD9300540B5B /* Info.plist */,
			);
			path = "Fuel Locator iOSTests";
			sourceTree = "<group>";
		};
		775C55ED2099BD9300540B5B /* Fuel Locator iOSUITests */ = {
			isa = PBXGroup;
			children = (
				775C55EE2099BD9300540B5B /* Fuel_Locator_iOSUITests.swift */,
				775C55F02099BD9300540B5B /* Info.plist */,
			);
			path = "Fuel Locator iOSUITests";
			sourceTree = "<group>";
		};
		775C55FC2099D53200540B5B /* Frameworks */ = {
			isa = PBXGroup;
			children = (
				776E944320A08A11008AB0FC /* tiff-ios.xcodeproj */,
				775C56002099D57100540B5B /* CloudKit.framework */,
				775C55FD2099D53200540B5B /* MapKit.framework */,
			);
			name = Frameworks;
			sourceTree = "<group>";
		};
		775C5604209EDB1000540B5B /* Data */ = {
			isa = PBXGroup;
			children = (
				776E9433209EE934008AB0FC /* FLODataEntity.swift */,
				776E943520A014D6008AB0FC /* FLOCloud.swift */,
				776E943720A03842008AB0FC /* FLOError.swift */,
				776E9427209EE684008AB0FC /* Brand.swift */,
				776E942A209EE690008AB0FC /* Product.swift */,
				776E9428209EE689008AB0FC /* Suburb.swift */,
				776E9424209EE659008AB0FC /* Region.swift */,
				776E9425209EE673008AB0FC /* Station.swift */,
				776E9426209EE67E008AB0FC /* Statistics.swift */,
				776E9429209EE68E008AB0FC /* PriceOnDay.swift */,
			);
			name = Data;
			sourceTree = "<group>";
		};
		776E944420A08A11008AB0FC /* Products */ = {
			isa = PBXGroup;
			children = (
				776E944920A08A12008AB0FC /* tiff_ios.framework */,
				776E944B20A08A12008AB0FC /* tiff_iosTests.xctest */,
			);
			name = Products;
			sourceTree = "<group>";
		};
/* End PBXGroup section */

/* Begin PBXNativeTarget section */
		775C55C82099BD7500540B5B /* Fuel Locator iOS */ = {
			isa = PBXNativeTarget;
			buildConfigurationList = 775C55F32099BD9300540B5B /* Build configuration list for PBXNativeTarget "Fuel Locator iOS" */;
			buildPhases = (
				77F2EB4020AC33A300772B4B /* Increment Build */,
				77F2EB4320AC345600772B4B /* Increment Version */,
				775C55C52099BD7500540B5B /* Sources */,
				775C55C62099BD7500540B5B /* Frameworks */,
				775C55C72099BD7500540B5B /* Resources */,
			);
			buildRules = (
			);
			dependencies = (
			);
			name = "Fuel Locator iOS";
			productName = "Fuel Locator iOS";
			productReference = 775C55C92099BD7500540B5B /* Fuel Locator iOS.app */;
			productType = "com.apple.product-type.application";
		};
		775C55DE2099BD9300540B5B /* Fuel Locator iOSTests */ = {
			isa = PBXNativeTarget;
			buildConfigurationList = 775C55F62099BD9300540B5B /* Build configuration list for PBXNativeTarget "Fuel Locator iOSTests" */;
			buildPhases = (
				775C55DB2099BD9300540B5B /* Sources */,
				775C55DC2099BD9300540B5B /* Frameworks */,
				775C55DD2099BD9300540B5B /* Resources */,
			);
			buildRules = (
			);
			dependencies = (
				775C55E12099BD9300540B5B /* PBXTargetDependency */,
			);
			name = "Fuel Locator iOSTests";
			productName = "Fuel Locator iOSTests";
			productReference = 775C55DF2099BD9300540B5B /* Fuel Locator iOSTests.xctest */;
			productType = "com.apple.product-type.bundle.unit-test";
		};
		775C55E92099BD9300540B5B /* Fuel Locator iOSUITests */ = {
			isa = PBXNativeTarget;
			buildConfigurationList = 775C55F92099BD9300540B5B /* Build configuration list for PBXNativeTarget "Fuel Locator iOSUITests" */;
			buildPhases = (
				775C55E62099BD9300540B5B /* Sources */,
				775C55E72099BD9300540B5B /* Frameworks */,
				775C55E82099BD9300540B5B /* Resources */,
			);
			buildRules = (
			);
			dependencies = (
				775C55EC2099BD9300540B5B /* PBXTargetDependency */,
			);
			name = "Fuel Locator iOSUITests";
			productName = "Fuel Locator iOSUITests";
			productReference = 775C55EA2099BD9300540B5B /* Fuel Locator iOSUITests.xctest */;
			productType = "com.apple.product-type.bundle.ui-testing";
		};
/* End PBXNativeTarget section */

/* Begin PBXProject section */
		775C55C12099BD7500540B5B /* Project object */ = {
			isa = PBXProject;
			attributes = {
				LastSwiftUpdateCheck = 0930;
				LastUpgradeCheck = 0930;
				ORGANIZATIONNAME = "Owen Godfrey";
				TargetAttributes = {
					775C55C82099BD7500540B5B = {
						CreatedOnToolsVersion = 9.3;
						SystemCapabilities = {
							com.apple.Maps.iOS = {
								enabled = 1;
							};
							com.apple.Push = {
								enabled = 1;
							};
							com.apple.iCloud = {
								enabled = 1;
							};
						};
					};
					775C55DE2099BD9300540B5B = {
						CreatedOnToolsVersion = 9.3;
						TestTargetID = 775C55C82099BD7500540B5B;
					};
					775C55E92099BD9300540B5B = {
						CreatedOnToolsVersion = 9.3;
						TestTargetID = 775C55C82099BD7500540B5B;
					};
				};
			};
			buildConfigurationList = 775C55C42099BD7500540B5B /* Build configuration list for PBXProject "Fuel Locator iOS" */;
			compatibilityVersion = "Xcode 9.3";
			developmentRegion = en;
			hasScannedForEncodings = 0;
			knownRegions = (
				en,
				Base,
			);
			mainGroup = 775C55C02099BD7500540B5B;
			productRefGroup = 775C55CA2099BD7500540B5B /* Products */;
			projectDirPath = "";
			projectReferences = (
				{
					ProductGroup = 776E944420A08A11008AB0FC /* Products */;
					ProjectRef = 776E944320A08A11008AB0FC /* tiff-ios.xcodeproj */;
				},
			);
			projectRoot = "";
			targets = (
				775C55C82099BD7500540B5B /* Fuel Locator iOS */,
				775C55DE2099BD9300540B5B /* Fuel Locator iOSTests */,
				775C55E92099BD9300540B5B /* Fuel Locator iOSUITests */,
			);
		};
/* End PBXProject section */

/* Begin PBXReferenceProxy section */
		776E944920A08A12008AB0FC /* tiff_ios.framework */ = {
			isa = PBXReferenceProxy;
			fileType = wrapper.framework;
			path = tiff_ios.framework;
			remoteRef = 776E944820A08A12008AB0FC /* PBXContainerItemProxy */;
			sourceTree = BUILT_PRODUCTS_DIR;
		};
		776E944B20A08A12008AB0FC /* tiff_iosTests.xctest */ = {
			isa = PBXReferenceProxy;
			fileType = wrapper.cfbundle;
			path = tiff_iosTests.xctest;
			remoteRef = 776E944A20A08A12008AB0FC /* PBXContainerItemProxy */;
			sourceTree = BUILT_PRODUCTS_DIR;
		};
/* End PBXReferenceProxy section */

/* Begin PBXResourcesBuildPhase section */
		775C55C72099BD7500540B5B /* Resources */ = {
			isa = PBXResourcesBuildPhase;
			buildActionMask = 2147483647;
			files = (
				775C55D92099BD9200540B5B /* LaunchScreen.storyboard in Resources */,
				775C55D62099BD9200540B5B /* Assets.xcassets in Resources */,
				775C55D42099BD7500540B5B /* Main.storyboard in Resources */,
			);
			runOnlyForDeploymentPostprocessing = 0;
		};
		775C55DD2099BD9300540B5B /* Resources */ = {
			isa = PBXResourcesBuildPhase;
			buildActionMask = 2147483647;
			files = (
			);
			runOnlyForDeploymentPostprocessing = 0;
		};
		775C55E82099BD9300540B5B /* Resources */ = {
			isa = PBXResourcesBuildPhase;
			buildActionMask = 2147483647;
			files = (
			);
			runOnlyForDeploymentPostprocessing = 0;
		};
/* End PBXResourcesBuildPhase section */

/* Begin PBXShellScriptBuildPhase section */
		77F2EB4020AC33A300772B4B /* Increment Build */ = {
			isa = PBXShellScriptBuildPhase;
			buildActionMask = 2147483647;
			files = (
			);
			inputPaths = (
			);
			name = "Increment Build";
			outputPaths = (
			);
			runOnlyForDeploymentPostprocessing = 0;
			shellPath = /bin/sh;
			shellScript = "buildNumber=$(/usr/libexec/PlistBuddy -c \"Print CFBundleVersion\" \"${PROJECT_DIR}/${INFOPLIST_FILE}\")\nbuildNumber=$(($buildNumber + 1))\n/usr/libexec/PlistBuddy -c \"Set :CFBundleVersion $buildNumber\" \"${PROJECT_DIR}/${INFOPLIST_FILE}\"";
			showEnvVarsInLog = 0;
		};
		77F2EB4320AC345600772B4B /* Increment Version */ = {
			isa = PBXShellScriptBuildPhase;
			buildActionMask = 8;
			files = (
			);
			inputPaths = (
			);
			name = "Increment Version";
			outputPaths = (
			);
			runOnlyForDeploymentPostprocessing = 1;
			shellPath = /bin/sh;
			shellScript = "VERSIONNUM=$(/usr/libexec/PlistBuddy -c \"Print CFBundleShortVersionString\" \"${PROJECT_DIR}/${INFOPLIST_FILE}\")\nNEWSUBVERSION=`echo $VERSIONNUM | awk -F \".\" '{print $3}'`\nNEWSUBVERSION=$(($NEWSUBVERSION + 1))\nNEWVERSIONSTRING=`echo $VERSIONNUM | awk -F \".\" '{print $1 \".\" $2 \".'$NEWSUBVERSION'\" }'`\n/usr/libexec/PlistBuddy -c \"Set :CFBundleShortVersionString $NEWVERSIONSTRING\" \"${PROJECT_DIR}/${INFOPLIST_FILE}\"";
			showEnvVarsInLog = 0;
		};
/* End PBXShellScriptBuildPhase section */

/* Begin PBXSourcesBuildPhase section */
		775C55C52099BD7500540B5B /* Sources */ = {
			isa = PBXSourcesBuildPhase;
			buildActionMask = 2147483647;
			files = (
				776E942E209EE690008AB0FC /* Statistics.swift in Sources */,
				775C55CD2099BD7500540B5B /* AppDelegate.swift in Sources */,
				776E944F20A3235B008AB0FC /* StationMarkerAnnotationView.swift in Sources */,
				776E943620A014D6008AB0FC /* FLOCloud.swift in Sources */,
				776E9431209EE690008AB0FC /* PriceOnDay.swift in Sources */,
				775C55CF2099BD7500540B5B /* MapViewController.swift in Sources */,
				776E9432209EE690008AB0FC /* Product.swift in Sources */,
				776E942C209EE690008AB0FC /* Region.swift in Sources */,
				776E945120A32A60008AB0FC /* ClusterMarkerAnnotationView.swift in Sources */,
				776E943820A03843008AB0FC /* FLOError.swift in Sources */,
				776E9430209EE690008AB0FC /* Suburb.swift in Sources */,
				776E942F209EE690008AB0FC /* Brand.swift in Sources */,
				776E942D209EE690008AB0FC /* Station.swift in Sources */,
				776E9434209EE935008AB0FC /* FLODataEntity.swift in Sources */,
				776E944D20A32287008AB0FC /* StationAnnotation.swift in Sources */,
				775C5603209DF34800540B5B /* SettingsViewController.swift in Sources */,
			);
			runOnlyForDeploymentPostprocessing = 0;
		};
		775C55DB2099BD9300540B5B /* Sources */ = {
			isa = PBXSourcesBuildPhase;
			buildActionMask = 2147483647;
			files = (
				775C55E42099BD9300540B5B /* Fuel_Locator_iOSTests.swift in Sources */,
			);
			runOnlyForDeploymentPostprocessing = 0;
		};
		775C55E62099BD9300540B5B /* Sources */ = {
			isa = PBXSourcesBuildPhase;
			buildActionMask = 2147483647;
			files = (
				775C55EF2099BD9300540B5B /* Fuel_Locator_iOSUITests.swift in Sources */,
			);
			runOnlyForDeploymentPostprocessing = 0;
		};
/* End PBXSourcesBuildPhase section */

/* Begin PBXTargetDependency section */
		775C55E12099BD9300540B5B /* PBXTargetDependency */ = {
			isa = PBXTargetDependency;
			target = 775C55C82099BD7500540B5B /* Fuel Locator iOS */;
			targetProxy = 775C55E02099BD9300540B5B /* PBXContainerItemProxy */;
		};
		775C55EC2099BD9300540B5B /* PBXTargetDependency */ = {
			isa = PBXTargetDependency;
			target = 775C55C82099BD7500540B5B /* Fuel Locator iOS */;
			targetProxy = 775C55EB2099BD9300540B5B /* PBXContainerItemProxy */;
		};
/* End PBXTargetDependency section */

/* Begin PBXVariantGroup section */
		775C55D22099BD7500540B5B /* Main.storyboard */ = {
			isa = PBXVariantGroup;
			children = (
				775C55D32099BD7500540B5B /* Base */,
			);
			name = Main.storyboard;
			sourceTree = "<group>";
		};
		775C55D72099BD9200540B5B /* LaunchScreen.storyboard */ = {
			isa = PBXVariantGroup;
			children = (
				775C55D82099BD9200540B5B /* Base */,
			);
			name = LaunchScreen.storyboard;
			sourceTree = "<group>";
		};
/* End PBXVariantGroup section */

/* Begin XCBuildConfiguration section */
		775C55F12099BD9300540B5B /* Debug */ = {
			isa = XCBuildConfiguration;
			buildSettings = {
				ALWAYS_SEARCH_USER_PATHS = NO;
				CLANG_ANALYZER_NONNULL = YES;
				CLANG_ANALYZER_NUMBER_OBJECT_CONVERSION = YES_AGGRESSIVE;
				CLANG_CXX_LANGUAGE_STANDARD = "gnu++14";
				CLANG_CXX_LIBRARY = "libc++";
				CLANG_ENABLE_MODULES = YES;
				CLANG_ENABLE_OBJC_ARC = YES;
				CLANG_ENABLE_OBJC_WEAK = YES;
				CLANG_WARN_BLOCK_CAPTURE_AUTORELEASING = YES;
				CLANG_WARN_BOOL_CONVERSION = YES;
				CLANG_WARN_COMMA = YES;
				CLANG_WARN_CONSTANT_CONVERSION = YES;
				CLANG_WARN_DEPRECATED_OBJC_IMPLEMENTATIONS = YES;
				CLANG_WARN_DIRECT_OBJC_ISA_USAGE = YES_ERROR;
				CLANG_WARN_DOCUMENTATION_COMMENTS = YES;
				CLANG_WARN_EMPTY_BODY = YES;
				CLANG_WARN_ENUM_CONVERSION = YES;
				CLANG_WARN_INFINITE_RECURSION = YES;
				CLANG_WARN_INT_CONVERSION = YES;
				CLANG_WARN_NON_LITERAL_NULL_CONVERSION = YES;
				CLANG_WARN_OBJC_IMPLICIT_RETAIN_SELF = YES;
				CLANG_WARN_OBJC_LITERAL_CONVERSION = YES;
				CLANG_WARN_OBJC_ROOT_CLASS = YES_ERROR;
				CLANG_WARN_RANGE_LOOP_ANALYSIS = YES;
				CLANG_WARN_STRICT_PROTOTYPES = YES;
				CLANG_WARN_SUSPICIOUS_MOVE = YES;
				CLANG_WARN_UNGUARDED_AVAILABILITY = YES_AGGRESSIVE;
				CLANG_WARN_UNREACHABLE_CODE = YES;
				CLANG_WARN__DUPLICATE_METHOD_MATCH = YES;
				CODE_SIGN_IDENTITY = "iPhone Developer";
				COPY_PHASE_STRIP = NO;
				DEBUG_INFORMATION_FORMAT = dwarf;
				ENABLE_STRICT_OBJC_MSGSEND = YES;
				ENABLE_TESTABILITY = YES;
				GCC_C_LANGUAGE_STANDARD = gnu11;
				GCC_DYNAMIC_NO_PIC = NO;
				GCC_NO_COMMON_BLOCKS = YES;
				GCC_OPTIMIZATION_LEVEL = 0;
				GCC_PREPROCESSOR_DEFINITIONS = (
					"DEBUG=1",
					"$(inherited)",
				);
				GCC_WARN_64_TO_32_BIT_CONVERSION = YES;
				GCC_WARN_ABOUT_RETURN_TYPE = YES_ERROR;
				GCC_WARN_UNDECLARED_SELECTOR = YES;
				GCC_WARN_UNINITIALIZED_AUTOS = YES_AGGRESSIVE;
				GCC_WARN_UNUSED_FUNCTION = YES;
				GCC_WARN_UNUSED_VARIABLE = YES;
				IPHONEOS_DEPLOYMENT_TARGET = 11.3;
				MTL_ENABLE_DEBUG_INFO = YES;
				ONLY_ACTIVE_ARCH = YES;
				SDKROOT = iphoneos;
				SWIFT_ACTIVE_COMPILATION_CONDITIONS = DEBUG;
				SWIFT_OPTIMIZATION_LEVEL = "-Onone";
			};
			name = Debug;
		};
		775C55F22099BD9300540B5B /* Release */ = {
			isa = XCBuildConfiguration;
			buildSettings = {
				ALWAYS_SEARCH_USER_PATHS = NO;
				CLANG_ANALYZER_NONNULL = YES;
				CLANG_ANALYZER_NUMBER_OBJECT_CONVERSION = YES_AGGRESSIVE;
				CLANG_CXX_LANGUAGE_STANDARD = "gnu++14";
				CLANG_CXX_LIBRARY = "libc++";
				CLANG_ENABLE_MODULES = YES;
				CLANG_ENABLE_OBJC_ARC = YES;
				CLANG_ENABLE_OBJC_WEAK = YES;
				CLANG_WARN_BLOCK_CAPTURE_AUTORELEASING = YES;
				CLANG_WARN_BOOL_CONVERSION = YES;
				CLANG_WARN_COMMA = YES;
				CLANG_WARN_CONSTANT_CONVERSION = YES;
				CLANG_WARN_DEPRECATED_OBJC_IMPLEMENTATIONS = YES;
				CLANG_WARN_DIRECT_OBJC_ISA_USAGE = YES_ERROR;
				CLANG_WARN_DOCUMENTATION_COMMENTS = YES;
				CLANG_WARN_EMPTY_BODY = YES;
				CLANG_WARN_ENUM_CONVERSION = YES;
				CLANG_WARN_INFINITE_RECURSION = YES;
				CLANG_WARN_INT_CONVERSION = YES;
				CLANG_WARN_NON_LITERAL_NULL_CONVERSION = YES;
				CLANG_WARN_OBJC_IMPLICIT_RETAIN_SELF = YES;
				CLANG_WARN_OBJC_LITERAL_CONVERSION = YES;
				CLANG_WARN_OBJC_ROOT_CLASS = YES_ERROR;
				CLANG_WARN_RANGE_LOOP_ANALYSIS = YES;
				CLANG_WARN_STRICT_PROTOTYPES = YES;
				CLANG_WARN_SUSPICIOUS_MOVE = YES;
				CLANG_WARN_UNGUARDED_AVAILABILITY = YES_AGGRESSIVE;
				CLANG_WARN_UNREACHABLE_CODE = YES;
				CLANG_WARN__DUPLICATE_METHOD_MATCH = YES;
				CODE_SIGN_IDENTITY = "iPhone Developer";
				COPY_PHASE_STRIP = NO;
				DEBUG_INFORMATION_FORMAT = "dwarf-with-dsym";
				ENABLE_NS_ASSERTIONS = NO;
				ENABLE_STRICT_OBJC_MSGSEND = YES;
				GCC_C_LANGUAGE_STANDARD = gnu11;
				GCC_NO_COMMON_BLOCKS = YES;
				GCC_WARN_64_TO_32_BIT_CONVERSION = YES;
				GCC_WARN_ABOUT_RETURN_TYPE = YES_ERROR;
				GCC_WARN_UNDECLARED_SELECTOR = YES;
				GCC_WARN_UNINITIALIZED_AUTOS = YES_AGGRESSIVE;
				GCC_WARN_UNUSED_FUNCTION = YES;
				GCC_WARN_UNUSED_VARIABLE = YES;
				IPHONEOS_DEPLOYMENT_TARGET = 11.3;
				MTL_ENABLE_DEBUG_INFO = NO;
				SDKROOT = iphoneos;
				SWIFT_COMPILATION_MODE = wholemodule;
				SWIFT_OPTIMIZATION_LEVEL = "-O";
				VALIDATE_PRODUCT = YES;
			};
			name = Release;
		};
		775C55F42099BD9300540B5B /* Debug */ = {
			isa = XCBuildConfiguration;
			buildSettings = {
				ASSETCATALOG_COMPILER_APPICON_NAME = AppIcon;
				CODE_SIGN_ENTITLEMENTS = "Fuel Locator iOS/Fuel Locator iOS.entitlements";
				CODE_SIGN_STYLE = Automatic;
				DEVELOPMENT_TEAM = 4S7Z2785AM;
				INFOPLIST_FILE = "Fuel Locator iOS/Info.plist";
				LD_RUNPATH_SEARCH_PATHS = (
					"$(inherited)",
					"@executable_path/Frameworks",
				);
				PRODUCT_BUNDLE_IDENTIFIER = "com.nomdejoye.Fuel-Locator-iOS";
				PRODUCT_NAME = "$(TARGET_NAME)";
				SWIFT_OBJC_BRIDGING_HEADER = "Fuel Locator iOS/Fuel-Locator-iOS-Bridging-Header.h";
				SWIFT_VERSION = 4.0;
				TARGETED_DEVICE_FAMILY = "1,2";
			};
			name = Debug;
		};
		775C55F52099BD9300540B5B /* Release */ = {
			isa = XCBuildConfiguration;
			buildSettings = {
				ASSETCATALOG_COMPILER_APPICON_NAME = AppIcon;
				CODE_SIGN_ENTITLEMENTS = "Fuel Locator iOS/Fuel Locator iOS.entitlements";
				CODE_SIGN_STYLE = Automatic;
				DEVELOPMENT_TEAM = 4S7Z2785AM;
				INFOPLIST_FILE = "Fuel Locator iOS/Info.plist";
				LD_RUNPATH_SEARCH_PATHS = (
					"$(inherited)",
					"@executable_path/Frameworks",
				);
				PRODUCT_BUNDLE_IDENTIFIER = "com.nomdejoye.Fuel-Locator-iOS";
				PRODUCT_NAME = "$(TARGET_NAME)";
				SWIFT_OBJC_BRIDGING_HEADER = "Fuel Locator iOS/Fuel-Locator-iOS-Bridging-Header.h";
				SWIFT_VERSION = 4.0;
				TARGETED_DEVICE_FAMILY = "1,2";
			};
			name = Release;
		};
		775C55F72099BD9300540B5B /* Debug */ = {
			isa = XCBuildConfiguration;
			buildSettings = {
				ALWAYS_EMBED_SWIFT_STANDARD_LIBRARIES = YES;
				BUNDLE_LOADER = "$(TEST_HOST)";
				CODE_SIGN_STYLE = Automatic;
				DEVELOPMENT_TEAM = 4S7Z2785AM;
				INFOPLIST_FILE = "Fuel Locator iOSTests/Info.plist";
				LD_RUNPATH_SEARCH_PATHS = (
					"$(inherited)",
					"@executable_path/Frameworks",
					"@loader_path/Frameworks",
				);
				PRODUCT_BUNDLE_IDENTIFIER = "com.nomdejoye.Fuel-Locator-iOSTests";
				PRODUCT_NAME = "$(TARGET_NAME)";
				SWIFT_VERSION = 4.0;
				TARGETED_DEVICE_FAMILY = "1,2";
				TEST_HOST = "$(BUILT_PRODUCTS_DIR)/Fuel Locator iOS.app/Fuel Locator iOS";
			};
			name = Debug;
		};
		775C55F82099BD9300540B5B /* Release */ = {
			isa = XCBuildConfiguration;
			buildSettings = {
				ALWAYS_EMBED_SWIFT_STANDARD_LIBRARIES = YES;
				BUNDLE_LOADER = "$(TEST_HOST)";
				CODE_SIGN_STYLE = Automatic;
				DEVELOPMENT_TEAM = 4S7Z2785AM;
				INFOPLIST_FILE = "Fuel Locator iOSTests/Info.plist";
				LD_RUNPATH_SEARCH_PATHS = (
					"$(inherited)",
					"@executable_path/Frameworks",
					"@loader_path/Frameworks",
				);
				PRODUCT_BUNDLE_IDENTIFIER = "com.nomdejoye.Fuel-Locator-iOSTests";
				PRODUCT_NAME = "$(TARGET_NAME)";
				SWIFT_VERSION = 4.0;
				TARGETED_DEVICE_FAMILY = "1,2";
				TEST_HOST = "$(BUILT_PRODUCTS_DIR)/Fuel Locator iOS.app/Fuel Locator iOS";
			};
			name = Release;
		};
		775C55FA2099BD9300540B5B /* Debug */ = {
			isa = XCBuildConfiguration;
			buildSettings = {
				ALWAYS_EMBED_SWIFT_STANDARD_LIBRARIES = YES;
				CODE_SIGN_STYLE = Automatic;
				DEVELOPMENT_TEAM = 4S7Z2785AM;
				INFOPLIST_FILE = "Fuel Locator iOSUITests/Info.plist";
				LD_RUNPATH_SEARCH_PATHS = (
					"$(inherited)",
					"@executable_path/Frameworks",
					"@loader_path/Frameworks",
				);
				PRODUCT_BUNDLE_IDENTIFIER = "com.nomdejoye.Fuel-Locator-iOSUITests";
				PRODUCT_NAME = "$(TARGET_NAME)";
				SWIFT_VERSION = 4.0;
				TARGETED_DEVICE_FAMILY = "1,2";
				TEST_TARGET_NAME = "Fuel Locator iOS";
			};
			name = Debug;
		};
		775C55FB2099BD9300540B5B /* Release */ = {
			isa = XCBuildConfiguration;
			buildSettings = {
				ALWAYS_EMBED_SWIFT_STANDARD_LIBRARIES = YES;
				CODE_SIGN_STYLE = Automatic;
				DEVELOPMENT_TEAM = 4S7Z2785AM;
				INFOPLIST_FILE = "Fuel Locator iOSUITests/Info.plist";
				LD_RUNPATH_SEARCH_PATHS = (
					"$(inherited)",
					"@executable_path/Frameworks",
					"@loader_path/Frameworks",
				);
				PRODUCT_BUNDLE_IDENTIFIER = "com.nomdejoye.Fuel-Locator-iOSUITests";
				PRODUCT_NAME = "$(TARGET_NAME)";
				SWIFT_VERSION = 4.0;
				TARGETED_DEVICE_FAMILY = "1,2";
				TEST_TARGET_NAME = "Fuel Locator iOS";
			};
			name = Release;
		};
/* End XCBuildConfiguration section */

/* Begin XCConfigurationList section */
		775C55C42099BD7500540B5B /* Build configuration list for PBXProject "Fuel Locator iOS" */ = {
			isa = XCConfigurationList;
			buildConfigurations = (
				775C55F12099BD9300540B5B /* Debug */,
				775C55F22099BD9300540B5B /* Release */,
			);
			defaultConfigurationIsVisible = 0;
			defaultConfigurationName = Release;
		};
		775C55F32099BD9300540B5B /* Build configuration list for PBXNativeTarget "Fuel Locator iOS" */ = {
			isa = XCConfigurationList;
			buildConfigurations = (
				775C55F42099BD9300540B5B /* Debug */,
				775C55F52099BD9300540B5B /* Release */,
			);
			defaultConfigurationIsVisible = 0;
			defaultConfigurationName = Release;
		};
		775C55F62099BD9300540B5B /* Build configuration list for PBXNativeTarget "Fuel Locator iOSTests" */ = {
			isa = XCConfigurationList;
			buildConfigurations = (
				775C55F72099BD9300540B5B /* Debug */,
				775C55F82099BD9300540B5B /* Release */,
			);
			defaultConfigurationIsVisible = 0;
			defaultConfigurationName = Release;
		};
		775C55F92099BD9300540B5B /* Build configuration list for PBXNativeTarget "Fuel Locator iOSUITests" */ = {
			isa = XCConfigurationList;
			buildConfigurations = (
				775C55FA2099BD9300540B5B /* Debug */,
				775C55FB2099BD9300540B5B /* Release */,
			);
			defaultConfigurationIsVisible = 0;
			defaultConfigurationName = Release;
		};
/* End XCConfigurationList section */
	};
	rootObject = 775C55C12099BD7500540B5B /* Project object */;
}
